
Microsoft Visual Studio Solution File, Format Version 12.00
# Visual Studio Version 16
VisualStudioVersion = 16.0.29920.165
MinimumVisualStudioVersion = 10.0.40219.1
Project("{FAE04EC0-301F-11D3-BF4B-00C04F79EFBC}") = "Empleados_Nomina", "Empleados_Nomina.csproj", "{B329663F-36C6-41DE-85D7-439A09E396FE}"
EndProject
Global
	GlobalSection(SolutionConfigurationPlatforms) = preSolution
		Debug|Any CPU = Debug|Any CPU
		Release|Any CPU = Release|Any CPU
	EndGlobalSection
	GlobalSection(ProjectConfigurationPlatforms) = postSolution
		{B329663F-36C6-41DE-85D7-439A09E396FE}.Debug|Any CPU.ActiveCfg = Debug|Any CPU
		{B329663F-36C6-41DE-85D7-439A09E396FE}.Debug|Any CPU.Build.0 = Debug|Any CPU
		{B329663F-36C6-41DE-85D7-439A09E396FE}.Release|Any CPU.ActiveCfg = Release|Any CPU
		{B329663F-36C6-41DE-85D7-439A09E396FE}.Release|Any CPU.Build.0 = Release|Any CPU
	EndGlobalSection
	GlobalSection(SolutionProperties) = preSolution
		HideSolutionNode = FALSE
	EndGlobalSection
	GlobalSection(ExtensibilityGlobals) = postSolution
		SolutionGuid = {F7F089DA-DCCC-4B7D-AA35-D03A3DCD7CB3}
	EndGlobalSection
EndGlobal
